
Microsoft Visual Studio Solution File, Format Version 12.00
# Visual Studio 15
VisualStudioVersion = 15.0.27130.2003
MinimumVisualStudioVersion = 10.0.40219.1
Project("{8BC9CEB8-8B4A-11D0-8D11-00A0C91BC942}") = "RJ", "RJ\RJ.vcxproj", "{502D3CBE-001F-46CB-ABEE-B0F2D515CD0F}"
	ProjectSection(ProjectDependencies) = postProject
		{9E219DF2-315D-478E-8A07-8960C377CE1E} = {9E219DF2-315D-478E-8A07-8960C377CE1E}
	EndProjectSection
EndProject
Project("{8BC9CEB8-8B4A-11D0-8D11-00A0C91BC942}") = "DirectXTK_Desktop_2015", "RJ\DirectXTK\DirectXTK_Desktop_2015.vcxproj", "{E0B52AE7-E160-4D32-BF3F-910B785E5A8E}"
EndProject
Project("{2150E333-8FDC-42A3-9474-1A3956D46DE8}") = "Solution Items", "Solution Items", "{CEE83A64-28B6-4E2A-9890-B26194B3A66B}"
EndProject
Project("{8BC9CEB8-8B4A-11D0-8D11-00A0C91BC942}") = "DirectXTKAudio_Desktop_2015_Win8", "RJ\DirectXTK\Audio\DirectXTKAudio_Desktop_2015_Win8.vcxproj", "{4F150A30-CECB-49D1-8283-6A3F57438CF5}"
EndProject
Project("{FAE04EC0-301F-11D3-BF4B-00C04F79EFBC}") = "RJ-Log", "RJ-Log\RJ-Log.csproj", "{F72F9950-055D-4938-BB24-FA06292026C7}"
EndProject
Project("{8BC9CEB8-8B4A-11D0-8D11-00A0C91BC942}") = "ModelPipeline", "ModelPipeline\ModelPipeline.vcxproj", "{3FFC5A6D-E6FB-4610-A7AA-89AE710FEF43}"
EndProject
Project("{8BC9CEB8-8B4A-11D0-8D11-00A0C91BC942}") = "FreeImageLib", "RJ\External\FreeImage-3.17.0\Source\FreeImageLib\FreeImageLib.2013.vcxproj", "{9E219DF2-315D-478E-8A07-8960C377CE1E}"
EndProject
Project("{2150E333-8FDC-42A3-9474-1A3956D46DE8}") = "FreeImage", "FreeImage", "{254E4075-A363-4320-B706-C123E42D92D5}"
EndProject
Project("{8BC9CEB8-8B4A-11D0-8D11-00A0C91BC942}") = "LibJPEG", "RJ\External\FreeImage-3.17.0\Source\LibJPEG\LibJPEG.2013.vcxproj", "{5E1D4E5F-E10C-4BA3-B663-F33014FD21D9}"
EndProject
Project("{8BC9CEB8-8B4A-11D0-8D11-00A0C91BC942}") = "LibJXR", "RJ\External\FreeImage-3.17.0\Source\LibJXR\LibJXR.2013.vcxproj", "{244455E0-5F25-4451-9540-F317883E52A8}"
EndProject
Project("{8BC9CEB8-8B4A-11D0-8D11-00A0C91BC942}") = "LibOpenJPEG", "RJ\External\FreeImage-3.17.0\Source\LibOpenJPEG\LibOpenJPEG.2013.vcxproj", "{E3536C28-A7F1-4B53-8E52-7D2232F9E098}"
EndProject
Project("{8BC9CEB8-8B4A-11D0-8D11-00A0C91BC942}") = "LibPNG", "RJ\External\FreeImage-3.17.0\Source\LibPNG\LibPNG.2013.vcxproj", "{7DB10B50-CE00-4D7A-B322-6824F05D2FCB}"
EndProject
Project("{8BC9CEB8-8B4A-11D0-8D11-00A0C91BC942}") = "LibRaw", "RJ\External\FreeImage-3.17.0\Source\LibRawLite\LibRawLite.2013.vcxproj", "{07F662C1-1323-42AB-B6AF-FBFD34A7437A}"
EndProject
Project("{8BC9CEB8-8B4A-11D0-8D11-00A0C91BC942}") = "LibTIFF4", "RJ\External\FreeImage-3.17.0\Source\LibTIFF4\LibTIFF4.2013.vcxproj", "{EC085CBD-E9C3-477F-9A97-CB9D5DA30E27}"
EndProject
Project("{8BC9CEB8-8B4A-11D0-8D11-00A0C91BC942}") = "LibWebP", "RJ\External\FreeImage-3.17.0\Source\LibWebP\LibWebP.2013.vcxproj", "{097D9F6C-FD0E-4CBC-9676-009012AAECA8}"
EndProject
Project("{8BC9CEB8-8B4A-11D0-8D11-00A0C91BC942}") = "OpenEXR", "RJ\External\FreeImage-3.17.0\Source\OpenEXR\OpenEXR.2013.vcxproj", "{17A4874B-0606-4687-90B6-F91F8CB3B8AF}"
EndProject
Project("{8BC9CEB8-8B4A-11D0-8D11-00A0C91BC942}") = "ZLib", "RJ\External\FreeImage-3.17.0\Source\ZLib\ZLib.2013.vcxproj", "{33134F61-C1AD-4B6F-9CEA-503A9F140C52}"
EndProject
Global
	GlobalSection(SolutionConfigurationPlatforms) = preSolution
		Debug|Any CPU = Debug|Any CPU
		Debug|Win32 = Debug|Win32
		Debug|x64 = Debug|x64
		Release|Any CPU = Release|Any CPU
		Release|Win32 = Release|Win32
		Release|x64 = Release|x64
		Test|Any CPU = Test|Any CPU
		Test|Win32 = Test|Win32
		Test|x64 = Test|x64
	EndGlobalSection
	GlobalSection(ProjectConfigurationPlatforms) = postSolution
		{502D3CBE-001F-46CB-ABEE-B0F2D515CD0F}.Debug|Any CPU.ActiveCfg = Debug|Win32
		{502D3CBE-001F-46CB-ABEE-B0F2D515CD0F}.Debug|Win32.ActiveCfg = Debug|Win32
		{502D3CBE-001F-46CB-ABEE-B0F2D515CD0F}.Debug|Win32.Build.0 = Debug|Win32
		{502D3CBE-001F-46CB-ABEE-B0F2D515CD0F}.Debug|x64.ActiveCfg = Debug|x64
		{502D3CBE-001F-46CB-ABEE-B0F2D515CD0F}.Debug|x64.Build.0 = Debug|x64
		{502D3CBE-001F-46CB-ABEE-B0F2D515CD0F}.Release|Any CPU.ActiveCfg = Debug|Win32
		{502D3CBE-001F-46CB-ABEE-B0F2D515CD0F}.Release|Win32.ActiveCfg = Release|Win32
		{502D3CBE-001F-46CB-ABEE-B0F2D515CD0F}.Release|Win32.Build.0 = Release|Win32
		{502D3CBE-001F-46CB-ABEE-B0F2D515CD0F}.Release|x64.ActiveCfg = Release|x64
		{502D3CBE-001F-46CB-ABEE-B0F2D515CD0F}.Release|x64.Build.0 = Release|x64
		{502D3CBE-001F-46CB-ABEE-B0F2D515CD0F}.Test|Any CPU.ActiveCfg = Debug|Win32
		{502D3CBE-001F-46CB-ABEE-B0F2D515CD0F}.Test|Win32.ActiveCfg = Debug|Win32
		{502D3CBE-001F-46CB-ABEE-B0F2D515CD0F}.Test|Win32.Build.0 = Test|Win32
		{502D3CBE-001F-46CB-ABEE-B0F2D515CD0F}.Test|x64.ActiveCfg = Debug|Win32
		{502D3CBE-001F-46CB-ABEE-B0F2D515CD0F}.Test|x64.Build.0 = Test|x64
		{E0B52AE7-E160-4D32-BF3F-910B785E5A8E}.Debug|Any CPU.ActiveCfg = Debug|Win32
		{E0B52AE7-E160-4D32-BF3F-910B785E5A8E}.Debug|Win32.ActiveCfg = Debug|Win32
		{E0B52AE7-E160-4D32-BF3F-910B785E5A8E}.Debug|Win32.Build.0 = Debug|Win32
		{E0B52AE7-E160-4D32-BF3F-910B785E5A8E}.Debug|x64.ActiveCfg = Debug|x64
		{E0B52AE7-E160-4D32-BF3F-910B785E5A8E}.Debug|x64.Build.0 = Debug|x64
		{E0B52AE7-E160-4D32-BF3F-910B785E5A8E}.Release|Any CPU.ActiveCfg = Debug|Win32
		{E0B52AE7-E160-4D32-BF3F-910B785E5A8E}.Release|Win32.ActiveCfg = Release|Win32
		{E0B52AE7-E160-4D32-BF3F-910B785E5A8E}.Release|Win32.Build.0 = Release|Win32
		{E0B52AE7-E160-4D32-BF3F-910B785E5A8E}.Release|x64.ActiveCfg = Release|x64
		{E0B52AE7-E160-4D32-BF3F-910B785E5A8E}.Release|x64.Build.0 = Release|x64
		{E0B52AE7-E160-4D32-BF3F-910B785E5A8E}.Test|Any CPU.ActiveCfg = Debug|Win32
		{E0B52AE7-E160-4D32-BF3F-910B785E5A8E}.Test|Win32.ActiveCfg = Debug|Win32
		{E0B52AE7-E160-4D32-BF3F-910B785E5A8E}.Test|Win32.Build.0 = Test|Win32
		{E0B52AE7-E160-4D32-BF3F-910B785E5A8E}.Test|x64.ActiveCfg = Debug|Win32
		{E0B52AE7-E160-4D32-BF3F-910B785E5A8E}.Test|x64.Build.0 = Test|x64
		{4F150A30-CECB-49D1-8283-6A3F57438CF5}.Debug|Any CPU.ActiveCfg = Debug|Win32
		{4F150A30-CECB-49D1-8283-6A3F57438CF5}.Debug|Win32.ActiveCfg = Debug|Win32
		{4F150A30-CECB-49D1-8283-6A3F57438CF5}.Debug|Win32.Build.0 = Debug|Win32
		{4F150A30-CECB-49D1-8283-6A3F57438CF5}.Debug|x64.ActiveCfg = Debug|x64
		{4F150A30-CECB-49D1-8283-6A3F57438CF5}.Debug|x64.Build.0 = Debug|x64
		{4F150A30-CECB-49D1-8283-6A3F57438CF5}.Release|Any CPU.ActiveCfg = Debug|Win32
		{4F150A30-CECB-49D1-8283-6A3F57438CF5}.Release|Win32.ActiveCfg = Release|Win32
		{4F150A30-CECB-49D1-8283-6A3F57438CF5}.Release|Win32.Build.0 = Release|Win32
		{4F150A30-CECB-49D1-8283-6A3F57438CF5}.Release|x64.ActiveCfg = Release|x64
		{4F150A30-CECB-49D1-8283-6A3F57438CF5}.Release|x64.Build.0 = Release|x64
		{4F150A30-CECB-49D1-8283-6A3F57438CF5}.Test|Any CPU.ActiveCfg = Debug|Win32
		{4F150A30-CECB-49D1-8283-6A3F57438CF5}.Test|Any CPU.Build.0 = Release|x64
		{4F150A30-CECB-49D1-8283-6A3F57438CF5}.Test|Any CPU.Deploy.0 = Release|x64
		{4F150A30-CECB-49D1-8283-6A3F57438CF5}.Test|Win32.ActiveCfg = Debug|Win32
		{4F150A30-CECB-49D1-8283-6A3F57438CF5}.Test|Win32.Build.0 = Debug|Win32
		{4F150A30-CECB-49D1-8283-6A3F57438CF5}.Test|x64.ActiveCfg = Debug|Win32
		{4F150A30-CECB-49D1-8283-6A3F57438CF5}.Test|x64.Build.0 = Debug|x64
		{F72F9950-055D-4938-BB24-FA06292026C7}.Debug|Any CPU.ActiveCfg = Debug|Any CPU
		{F72F9950-055D-4938-BB24-FA06292026C7}.Debug|Any CPU.Build.0 = Debug|Any CPU
		{F72F9950-055D-4938-BB24-FA06292026C7}.Debug|Win32.ActiveCfg = Debug|Any CPU
		{F72F9950-055D-4938-BB24-FA06292026C7}.Debug|Win32.Build.0 = Debug|Any CPU
		{F72F9950-055D-4938-BB24-FA06292026C7}.Debug|x64.ActiveCfg = Debug|Any CPU
		{F72F9950-055D-4938-BB24-FA06292026C7}.Debug|x64.Build.0 = Debug|Any CPU
		{F72F9950-055D-4938-BB24-FA06292026C7}.Release|Any CPU.ActiveCfg = Debug|Any CPU
		{F72F9950-055D-4938-BB24-FA06292026C7}.Release|Any CPU.Build.0 = Debug|Any CPU
		{F72F9950-055D-4938-BB24-FA06292026C7}.Release|Win32.ActiveCfg = Release|Any CPU
		{F72F9950-055D-4938-BB24-FA06292026C7}.Release|Win32.Build.0 = Release|Any CPU
		{F72F9950-055D-4938-BB24-FA06292026C7}.Release|x64.ActiveCfg = Release|Any CPU
		{F72F9950-055D-4938-BB24-FA06292026C7}.Release|x64.Build.0 = Release|Any CPU
		{F72F9950-055D-4938-BB24-FA06292026C7}.Test|Any CPU.ActiveCfg = Debug|Any CPU
		{F72F9950-055D-4938-BB24-FA06292026C7}.Test|Any CPU.Build.0 = Debug|Any CPU
		{F72F9950-055D-4938-BB24-FA06292026C7}.Test|Win32.ActiveCfg = Debug|Any CPU
		{F72F9950-055D-4938-BB24-FA06292026C7}.Test|Win32.Build.0 = Debug|Any CPU
		{F72F9950-055D-4938-BB24-FA06292026C7}.Test|x64.ActiveCfg = Debug|Any CPU
		{F72F9950-055D-4938-BB24-FA06292026C7}.Test|x64.Build.0 = Debug|Any CPU
		{3FFC5A6D-E6FB-4610-A7AA-89AE710FEF43}.Debug|Any CPU.ActiveCfg = Debug|Win32
		{3FFC5A6D-E6FB-4610-A7AA-89AE710FEF43}.Debug|Win32.ActiveCfg = Debug|Win32
		{3FFC5A6D-E6FB-4610-A7AA-89AE710FEF43}.Debug|Win32.Build.0 = Debug|Win32
		{3FFC5A6D-E6FB-4610-A7AA-89AE710FEF43}.Debug|x64.ActiveCfg = Debug|x64
		{3FFC5A6D-E6FB-4610-A7AA-89AE710FEF43}.Debug|x64.Build.0 = Debug|x64
		{3FFC5A6D-E6FB-4610-A7AA-89AE710FEF43}.Release|Any CPU.ActiveCfg = Debug|Win32
		{3FFC5A6D-E6FB-4610-A7AA-89AE710FEF43}.Release|Win32.ActiveCfg = Release|Win32
		{3FFC5A6D-E6FB-4610-A7AA-89AE710FEF43}.Release|Win32.Build.0 = Release|Win32
		{3FFC5A6D-E6FB-4610-A7AA-89AE710FEF43}.Release|x64.ActiveCfg = Release|x64
		{3FFC5A6D-E6FB-4610-A7AA-89AE710FEF43}.Release|x64.Build.0 = Release|x64
		{3FFC5A6D-E6FB-4610-A7AA-89AE710FEF43}.Test|Any CPU.ActiveCfg = Debug|Win32
		{3FFC5A6D-E6FB-4610-A7AA-89AE710FEF43}.Test|Any CPU.Build.0 = Release|x64
		{3FFC5A6D-E6FB-4610-A7AA-89AE710FEF43}.Test|Win32.ActiveCfg = Debug|Win32
		{3FFC5A6D-E6FB-4610-A7AA-89AE710FEF43}.Test|Win32.Build.0 = Release|Win32
		{3FFC5A6D-E6FB-4610-A7AA-89AE710FEF43}.Test|x64.ActiveCfg = Debug|Win32
		{3FFC5A6D-E6FB-4610-A7AA-89AE710FEF43}.Test|x64.Build.0 = Release|x64
		{9E219DF2-315D-478E-8A07-8960C377CE1E}.Debug|Any CPU.ActiveCfg = Debug|Win32
		{9E219DF2-315D-478E-8A07-8960C377CE1E}.Debug|Win32.ActiveCfg = Debug|Win32
		{9E219DF2-315D-478E-8A07-8960C377CE1E}.Debug|Win32.Build.0 = Debug|Win32
		{9E219DF2-315D-478E-8A07-8960C377CE1E}.Debug|x64.ActiveCfg = Debug|x64
		{9E219DF2-315D-478E-8A07-8960C377CE1E}.Debug|x64.Build.0 = Debug|x64
		{9E219DF2-315D-478E-8A07-8960C377CE1E}.Release|Any CPU.ActiveCfg = Release|Win32
		{9E219DF2-315D-478E-8A07-8960C377CE1E}.Release|Win32.ActiveCfg = Release|Win32
		{9E219DF2-315D-478E-8A07-8960C377CE1E}.Release|Win32.Build.0 = Release|Win32
		{9E219DF2-315D-478E-8A07-8960C377CE1E}.Release|x64.ActiveCfg = Release|x64
		{9E219DF2-315D-478E-8A07-8960C377CE1E}.Release|x64.Build.0 = Release|x64
		{9E219DF2-315D-478E-8A07-8960C377CE1E}.Test|Any CPU.ActiveCfg = Release|x64
		{9E219DF2-315D-478E-8A07-8960C377CE1E}.Test|Any CPU.Build.0 = Release|x64
		{9E219DF2-315D-478E-8A07-8960C377CE1E}.Test|Win32.ActiveCfg = Release|Win32
		{9E219DF2-315D-478E-8A07-8960C377CE1E}.Test|Win32.Build.0 = Release|Win32
		{9E219DF2-315D-478E-8A07-8960C377CE1E}.Test|x64.ActiveCfg = Release|x64
		{9E219DF2-315D-478E-8A07-8960C377CE1E}.Test|x64.Build.0 = Release|x64
		{5E1D4E5F-E10C-4BA3-B663-F33014FD21D9}.Debug|Any CPU.ActiveCfg = Debug|Win32
		{5E1D4E5F-E10C-4BA3-B663-F33014FD21D9}.Debug|Win32.ActiveCfg = Debug|Win32
		{5E1D4E5F-E10C-4BA3-B663-F33014FD21D9}.Debug|Win32.Build.0 = Debug|Win32
		{5E1D4E5F-E10C-4BA3-B663-F33014FD21D9}.Debug|x64.ActiveCfg = Debug|x64
		{5E1D4E5F-E10C-4BA3-B663-F33014FD21D9}.Debug|x64.Build.0 = Debug|x64
		{5E1D4E5F-E10C-4BA3-B663-F33014FD21D9}.Release|Any CPU.ActiveCfg = Release|Win32
		{5E1D4E5F-E10C-4BA3-B663-F33014FD21D9}.Release|Win32.ActiveCfg = Release|Win32
		{5E1D4E5F-E10C-4BA3-B663-F33014FD21D9}.Release|Win32.Build.0 = Release|Win32
		{5E1D4E5F-E10C-4BA3-B663-F33014FD21D9}.Release|x64.ActiveCfg = Release|x64
		{5E1D4E5F-E10C-4BA3-B663-F33014FD21D9}.Release|x64.Build.0 = Release|x64
		{5E1D4E5F-E10C-4BA3-B663-F33014FD21D9}.Test|Any CPU.ActiveCfg = Release|x64
		{5E1D4E5F-E10C-4BA3-B663-F33014FD21D9}.Test|Any CPU.Build.0 = Release|x64
		{5E1D4E5F-E10C-4BA3-B663-F33014FD21D9}.Test|Win32.ActiveCfg = Release|Win32
		{5E1D4E5F-E10C-4BA3-B663-F33014FD21D9}.Test|Win32.Build.0 = Release|Win32
		{5E1D4E5F-E10C-4BA3-B663-F33014FD21D9}.Test|x64.ActiveCfg = Release|x64
		{5E1D4E5F-E10C-4BA3-B663-F33014FD21D9}.Test|x64.Build.0 = Release|x64
		{244455E0-5F25-4451-9540-F317883E52A8}.Debug|Any CPU.ActiveCfg = Debug|Win32
		{244455E0-5F25-4451-9540-F317883E52A8}.Debug|Win32.ActiveCfg = Debug|Win32
		{244455E0-5F25-4451-9540-F317883E52A8}.Debug|Win32.Build.0 = Debug|Win32
		{244455E0-5F25-4451-9540-F317883E52A8}.Debug|x64.ActiveCfg = Debug|x64
		{244455E0-5F25-4451-9540-F317883E52A8}.Debug|x64.Build.0 = Debug|x64
		{244455E0-5F25-4451-9540-F317883E52A8}.Release|Any CPU.ActiveCfg = Release|Win32
		{244455E0-5F25-4451-9540-F317883E52A8}.Release|Win32.ActiveCfg = Release|Win32
		{244455E0-5F25-4451-9540-F317883E52A8}.Release|Win32.Build.0 = Release|Win32
		{244455E0-5F25-4451-9540-F317883E52A8}.Release|x64.ActiveCfg = Release|x64
		{244455E0-5F25-4451-9540-F317883E52A8}.Release|x64.Build.0 = Release|x64
		{244455E0-5F25-4451-9540-F317883E52A8}.Test|Any CPU.ActiveCfg = Release|x64
		{244455E0-5F25-4451-9540-F317883E52A8}.Test|Any CPU.Build.0 = Release|x64
		{244455E0-5F25-4451-9540-F317883E52A8}.Test|Win32.ActiveCfg = Release|Win32
		{244455E0-5F25-4451-9540-F317883E52A8}.Test|Win32.Build.0 = Release|Win32
		{244455E0-5F25-4451-9540-F317883E52A8}.Test|x64.ActiveCfg = Release|x64
		{244455E0-5F25-4451-9540-F317883E52A8}.Test|x64.Build.0 = Release|x64
		{E3536C28-A7F1-4B53-8E52-7D2232F9E098}.Debug|Any CPU.ActiveCfg = Debug|Win32
		{E3536C28-A7F1-4B53-8E52-7D2232F9E098}.Debug|Win32.ActiveCfg = Debug|Win32
		{E3536C28-A7F1-4B53-8E52-7D2232F9E098}.Debug|Win32.Build.0 = Debug|Win32
		{E3536C28-A7F1-4B53-8E52-7D2232F9E098}.Debug|x64.ActiveCfg = Debug|x64
		{E3536C28-A7F1-4B53-8E52-7D2232F9E098}.Debug|x64.Build.0 = Debug|x64
		{E3536C28-A7F1-4B53-8E52-7D2232F9E098}.Release|Any CPU.ActiveCfg = Release|Win32
		{E3536C28-A7F1-4B53-8E52-7D2232F9E098}.Release|Win32.ActiveCfg = Release|Win32
		{E3536C28-A7F1-4B53-8E52-7D2232F9E098}.Release|Win32.Build.0 = Release|Win32
		{E3536C28-A7F1-4B53-8E52-7D2232F9E098}.Release|x64.ActiveCfg = Release|x64
		{E3536C28-A7F1-4B53-8E52-7D2232F9E098}.Release|x64.Build.0 = Release|x64
		{E3536C28-A7F1-4B53-8E52-7D2232F9E098}.Test|Any CPU.ActiveCfg = Release|x64
		{E3536C28-A7F1-4B53-8E52-7D2232F9E098}.Test|Any CPU.Build.0 = Release|x64
		{E3536C28-A7F1-4B53-8E52-7D2232F9E098}.Test|Win32.ActiveCfg = Release|Win32
		{E3536C28-A7F1-4B53-8E52-7D2232F9E098}.Test|Win32.Build.0 = Release|Win32
		{E3536C28-A7F1-4B53-8E52-7D2232F9E098}.Test|x64.ActiveCfg = Release|x64
		{E3536C28-A7F1-4B53-8E52-7D2232F9E098}.Test|x64.Build.0 = Release|x64
		{7DB10B50-CE00-4D7A-B322-6824F05D2FCB}.Debug|Any CPU.ActiveCfg = Debug|Win32
		{7DB10B50-CE00-4D7A-B322-6824F05D2FCB}.Debug|Win32.ActiveCfg = Debug|Win32
		{7DB10B50-CE00-4D7A-B322-6824F05D2FCB}.Debug|Win32.Build.0 = Debug|Win32
		{7DB10B50-CE00-4D7A-B322-6824F05D2FCB}.Debug|x64.ActiveCfg = Debug|x64
		{7DB10B50-CE00-4D7A-B322-6824F05D2FCB}.Debug|x64.Build.0 = Debug|x64
		{7DB10B50-CE00-4D7A-B322-6824F05D2FCB}.Release|Any CPU.ActiveCfg = Release|Win32
		{7DB10B50-CE00-4D7A-B322-6824F05D2FCB}.Release|Win32.ActiveCfg = Release|Win32
		{7DB10B50-CE00-4D7A-B322-6824F05D2FCB}.Release|Win32.Build.0 = Release|Win32
		{7DB10B50-CE00-4D7A-B322-6824F05D2FCB}.Release|x64.ActiveCfg = Release|x64
		{7DB10B50-CE00-4D7A-B322-6824F05D2FCB}.Release|x64.Build.0 = Release|x64
		{7DB10B50-CE00-4D7A-B322-6824F05D2FCB}.Test|Any CPU.ActiveCfg = Release|x64
		{7DB10B50-CE00-4D7A-B322-6824F05D2FCB}.Test|Any CPU.Build.0 = Release|x64
		{7DB10B50-CE00-4D7A-B322-6824F05D2FCB}.Test|Win32.ActiveCfg = Release|Win32
		{7DB10B50-CE00-4D7A-B322-6824F05D2FCB}.Test|Win32.Build.0 = Release|Win32
		{7DB10B50-CE00-4D7A-B322-6824F05D2FCB}.Test|x64.ActiveCfg = Release|x64
		{7DB10B50-CE00-4D7A-B322-6824F05D2FCB}.Test|x64.Build.0 = Release|x64
		{07F662C1-1323-42AB-B6AF-FBFD34A7437A}.Debug|Any CPU.ActiveCfg = Debug|Win32
		{07F662C1-1323-42AB-B6AF-FBFD34A7437A}.Debug|Win32.ActiveCfg = Debug|Win32
		{07F662C1-1323-42AB-B6AF-FBFD34A7437A}.Debug|Win32.Build.0 = Debug|Win32
		{07F662C1-1323-42AB-B6AF-FBFD34A7437A}.Debug|x64.ActiveCfg = Debug|x64
		{07F662C1-1323-42AB-B6AF-FBFD34A7437A}.Debug|x64.Build.0 = Debug|x64
		{07F662C1-1323-42AB-B6AF-FBFD34A7437A}.Release|Any CPU.ActiveCfg = Release|Win32
		{07F662C1-1323-42AB-B6AF-FBFD34A7437A}.Release|Win32.ActiveCfg = Release|Win32
		{07F662C1-1323-42AB-B6AF-FBFD34A7437A}.Release|Win32.Build.0 = Release|Win32
		{07F662C1-1323-42AB-B6AF-FBFD34A7437A}.Release|x64.ActiveCfg = Release|x64
		{07F662C1-1323-42AB-B6AF-FBFD34A7437A}.Release|x64.Build.0 = Release|x64
		{07F662C1-1323-42AB-B6AF-FBFD34A7437A}.Test|Any CPU.ActiveCfg = Release|x64
		{07F662C1-1323-42AB-B6AF-FBFD34A7437A}.Test|Any CPU.Build.0 = Release|x64
		{07F662C1-1323-42AB-B6AF-FBFD34A7437A}.Test|Win32.ActiveCfg = Release|Win32
		{07F662C1-1323-42AB-B6AF-FBFD34A7437A}.Test|Win32.Build.0 = Release|Win32
		{07F662C1-1323-42AB-B6AF-FBFD34A7437A}.Test|x64.ActiveCfg = Release|x64
		{07F662C1-1323-42AB-B6AF-FBFD34A7437A}.Test|x64.Build.0 = Release|x64
		{EC085CBD-E9C3-477F-9A97-CB9D5DA30E27}.Debug|Any CPU.ActiveCfg = Debug|Win32
		{EC085CBD-E9C3-477F-9A97-CB9D5DA30E27}.Debug|Win32.ActiveCfg = Debug|Win32
		{EC085CBD-E9C3-477F-9A97-CB9D5DA30E27}.Debug|Win32.Build.0 = Debug|Win32
		{EC085CBD-E9C3-477F-9A97-CB9D5DA30E27}.Debug|x64.ActiveCfg = Debug|x64
		{EC085CBD-E9C3-477F-9A97-CB9D5DA30E27}.Debug|x64.Build.0 = Debug|x64
		{EC085CBD-E9C3-477F-9A97-CB9D5DA30E27}.Release|Any CPU.ActiveCfg = Release|Win32
		{EC085CBD-E9C3-477F-9A97-CB9D5DA30E27}.Release|Win32.ActiveCfg = Release|Win32
		{EC085CBD-E9C3-477F-9A97-CB9D5DA30E27}.Release|Win32.Build.0 = Release|Win32
		{EC085CBD-E9C3-477F-9A97-CB9D5DA30E27}.Release|x64.ActiveCfg = Release|x64
		{EC085CBD-E9C3-477F-9A97-CB9D5DA30E27}.Release|x64.Build.0 = Release|x64
		{EC085CBD-E9C3-477F-9A97-CB9D5DA30E27}.Test|Any CPU.ActiveCfg = Release|x64
		{EC085CBD-E9C3-477F-9A97-CB9D5DA30E27}.Test|Any CPU.Build.0 = Release|x64
		{EC085CBD-E9C3-477F-9A97-CB9D5DA30E27}.Test|Win32.ActiveCfg = Release|Win32
		{EC085CBD-E9C3-477F-9A97-CB9D5DA30E27}.Test|Win32.Build.0 = Release|Win32
		{EC085CBD-E9C3-477F-9A97-CB9D5DA30E27}.Test|x64.ActiveCfg = Release|x64
		{EC085CBD-E9C3-477F-9A97-CB9D5DA30E27}.Test|x64.Build.0 = Release|x64
		{097D9F6C-FD0E-4CBC-9676-009012AAECA8}.Debug|Any CPU.ActiveCfg = Debug|Win32
		{097D9F6C-FD0E-4CBC-9676-009012AAECA8}.Debug|Win32.ActiveCfg = Debug|Win32
		{097D9F6C-FD0E-4CBC-9676-009012AAECA8}.Debug|Win32.Build.0 = Debug|Win32
		{097D9F6C-FD0E-4CBC-9676-009012AAECA8}.Debug|x64.ActiveCfg = Debug|x64
		{097D9F6C-FD0E-4CBC-9676-009012AAECA8}.Debug|x64.Build.0 = Debug|x64
		{097D9F6C-FD0E-4CBC-9676-009012AAECA8}.Release|Any CPU.ActiveCfg = Release|Win32
		{097D9F6C-FD0E-4CBC-9676-009012AAECA8}.Release|Win32.ActiveCfg = Release|Win32
		{097D9F6C-FD0E-4CBC-9676-009012AAECA8}.Release|Win32.Build.0 = Release|Win32
		{097D9F6C-FD0E-4CBC-9676-009012AAECA8}.Release|x64.ActiveCfg = Release|x64
		{097D9F6C-FD0E-4CBC-9676-009012AAECA8}.Release|x64.Build.0 = Release|x64
		{097D9F6C-FD0E-4CBC-9676-009012AAECA8}.Test|Any CPU.ActiveCfg = Release|x64
		{097D9F6C-FD0E-4CBC-9676-009012AAECA8}.Test|Any CPU.Build.0 = Release|x64
		{097D9F6C-FD0E-4CBC-9676-009012AAECA8}.Test|Win32.ActiveCfg = Release|Win32
		{097D9F6C-FD0E-4CBC-9676-009012AAECA8}.Test|Win32.Build.0 = Release|Win32
		{097D9F6C-FD0E-4CBC-9676-009012AAECA8}.Test|x64.ActiveCfg = Release|x64
		{097D9F6C-FD0E-4CBC-9676-009012AAECA8}.Test|x64.Build.0 = Release|x64
		{17A4874B-0606-4687-90B6-F91F8CB3B8AF}.Debug|Any CPU.ActiveCfg = Debug|Win32
		{17A4874B-0606-4687-90B6-F91F8CB3B8AF}.Debug|Win32.ActiveCfg = Debug|Win32
		{17A4874B-0606-4687-90B6-F91F8CB3B8AF}.Debug|Win32.Build.0 = Debug|Win32
		{17A4874B-0606-4687-90B6-F91F8CB3B8AF}.Debug|x64.ActiveCfg = Debug|x64
		{17A4874B-0606-4687-90B6-F91F8CB3B8AF}.Debug|x64.Build.0 = Debug|x64
		{17A4874B-0606-4687-90B6-F91F8CB3B8AF}.Release|Any CPU.ActiveCfg = Release|Win32
		{17A4874B-0606-4687-90B6-F91F8CB3B8AF}.Release|Win32.ActiveCfg = Release|Win32
		{17A4874B-0606-4687-90B6-F91F8CB3B8AF}.Release|Win32.Build.0 = Release|Win32
		{17A4874B-0606-4687-90B6-F91F8CB3B8AF}.Release|x64.ActiveCfg = Release|x64
		{17A4874B-0606-4687-90B6-F91F8CB3B8AF}.Release|x64.Build.0 = Release|x64
		{17A4874B-0606-4687-90B6-F91F8CB3B8AF}.Test|Any CPU.ActiveCfg = Release|x64
		{17A4874B-0606-4687-90B6-F91F8CB3B8AF}.Test|Any CPU.Build.0 = Release|x64
		{17A4874B-0606-4687-90B6-F91F8CB3B8AF}.Test|Win32.ActiveCfg = Release|Win32
		{17A4874B-0606-4687-90B6-F91F8CB3B8AF}.Test|Win32.Build.0 = Release|Win32
		{17A4874B-0606-4687-90B6-F91F8CB3B8AF}.Test|x64.ActiveCfg = Release|x64
		{17A4874B-0606-4687-90B6-F91F8CB3B8AF}.Test|x64.Build.0 = Release|x64
		{33134F61-C1AD-4B6F-9CEA-503A9F140C52}.Debug|Any CPU.ActiveCfg = Debug|Win32
		{33134F61-C1AD-4B6F-9CEA-503A9F140C52}.Debug|Win32.ActiveCfg = Debug|Win32
		{33134F61-C1AD-4B6F-9CEA-503A9F140C52}.Debug|Win32.Build.0 = Debug|Win32
		{33134F61-C1AD-4B6F-9CEA-503A9F140C52}.Debug|x64.ActiveCfg = Debug|x64
		{33134F61-C1AD-4B6F-9CEA-503A9F140C52}.Debug|x64.Build.0 = Debug|x64
		{33134F61-C1AD-4B6F-9CEA-503A9F140C52}.Release|Any CPU.ActiveCfg = Release|Win32
		{33134F61-C1AD-4B6F-9CEA-503A9F140C52}.Release|Win32.ActiveCfg = Release|Win32
		{33134F61-C1AD-4B6F-9CEA-503A9F140C52}.Release|Win32.Build.0 = Release|Win32
		{33134F61-C1AD-4B6F-9CEA-503A9F140C52}.Release|x64.ActiveCfg = Release|x64
		{33134F61-C1AD-4B6F-9CEA-503A9F140C52}.Release|x64.Build.0 = Release|x64
		{33134F61-C1AD-4B6F-9CEA-503A9F140C52}.Test|Any CPU.ActiveCfg = Release|x64
		{33134F61-C1AD-4B6F-9CEA-503A9F140C52}.Test|Any CPU.Build.0 = Release|x64
		{33134F61-C1AD-4B6F-9CEA-503A9F140C52}.Test|Win32.ActiveCfg = Release|Win32
		{33134F61-C1AD-4B6F-9CEA-503A9F140C52}.Test|Win32.Build.0 = Release|Win32
		{33134F61-C1AD-4B6F-9CEA-503A9F140C52}.Test|x64.ActiveCfg = Release|x64
		{33134F61-C1AD-4B6F-9CEA-503A9F140C52}.Test|x64.Build.0 = Release|x64
	EndGlobalSection
	GlobalSection(SolutionProperties) = preSolution
		HideSolutionNode = FALSE
	EndGlobalSection
	GlobalSection(NestedProjects) = preSolution
		{9E219DF2-315D-478E-8A07-8960C377CE1E} = {254E4075-A363-4320-B706-C123E42D92D5}
		{5E1D4E5F-E10C-4BA3-B663-F33014FD21D9} = {254E4075-A363-4320-B706-C123E42D92D5}
		{244455E0-5F25-4451-9540-F317883E52A8} = {254E4075-A363-4320-B706-C123E42D92D5}
		{E3536C28-A7F1-4B53-8E52-7D2232F9E098} = {254E4075-A363-4320-B706-C123E42D92D5}
		{7DB10B50-CE00-4D7A-B322-6824F05D2FCB} = {254E4075-A363-4320-B706-C123E42D92D5}
		{07F662C1-1323-42AB-B6AF-FBFD34A7437A} = {254E4075-A363-4320-B706-C123E42D92D5}
		{EC085CBD-E9C3-477F-9A97-CB9D5DA30E27} = {254E4075-A363-4320-B706-C123E42D92D5}
		{097D9F6C-FD0E-4CBC-9676-009012AAECA8} = {254E4075-A363-4320-B706-C123E42D92D5}
		{17A4874B-0606-4687-90B6-F91F8CB3B8AF} = {254E4075-A363-4320-B706-C123E42D92D5}
		{33134F61-C1AD-4B6F-9CEA-503A9F140C52} = {254E4075-A363-4320-B706-C123E42D92D5}
	EndGlobalSection
	GlobalSection(ExtensibilityGlobals) = postSolution
		SolutionGuid = {A39AF9E3-7CD3-497E-AFD8-DA5D28250449}
	EndGlobalSection
	GlobalSection(Performance) = preSolution
		HasPerformanceSessions = true
	EndGlobalSection
EndGlobal
